// !$*UTF8*$!
{
	archiveVersion = 1;
	classes = {
	};
	objectVersion = 46;
	objects = {

/* Begin PBXBuildFile section */
		4902F7E01A11E5C700031EB0 /* libPods.a in Frameworks */ = {isa = PBXBuildFile; fileRef = FE374C48E78E4956BC26C902 /* libPods.a */; };
		49814F6E1A1237F3008F4EB7 /* libPods.a in Frameworks */ = {isa = PBXBuildFile; fileRef = FE374C48E78E4956BC26C902 /* libPods.a */; };
		49814F741A147F33008F4EB7 /* SWRevealViewController.m in Sources */ = {isa = PBXBuildFile; fileRef = 49814F731A147F33008F4EB7 /* SWRevealViewController.m */; };
		6FD51AED1A652A0900A17E82 /* Model.xcdatamodeld in Sources */ = {isa = PBXBuildFile; fileRef = 6FD51AEB1A652A0900A17E82 /* Model.xcdatamodeld */; };
		6FD51AEF1A652E5900A17E82 /* CoreData.framework in Frameworks */ = {isa = PBXBuildFile; fileRef = 6FD51AEE1A652E5900A17E82 /* CoreData.framework */; };
		6FD51AF41A65321700A17E82 /* MyCoreDataManager.m in Sources */ = {isa = PBXBuildFile; fileRef = 6FD51AF31A65321700A17E82 /* MyCoreDataManager.m */; };
		6FD51AF81A66894900A17E82 /* Tag.m in Sources */ = {isa = PBXBuildFile; fileRef = 6FD51AF71A66894900A17E82 /* Tag.m */; };
		6FD51AFB1A66894A00A17E82 /* Todo.m in Sources */ = {isa = PBXBuildFile; fileRef = 6FD51AFA1A66894A00A17E82 /* Todo.m */; };
		F00E28FA1A1875EB00C1D94F /* DatePickerViewController.m in Sources */ = {isa = PBXBuildFile; fileRef = F00E28F91A1875EB00C1D94F /* DatePickerViewController.m */; };
		F00E28FF1A1876F800C1D94F /* DetailViewController.m in Sources */ = {isa = PBXBuildFile; fileRef = F00E28FE1A1876F800C1D94F /* DetailViewController.m */; };
		F046F4351967DD0200B8CDE7 /* MainStoryboard.storyboard in Resources */ = {isa = PBXBuildFile; fileRef = F046F4341967DD0200B8CDE7 /* MainStoryboard.storyboard */; };
		F046F43A1967E30800B8CDE7 /* MapKit.framework in Frameworks */ = {isa = PBXBuildFile; fileRef = F046F4391967E30800B8CDE7 /* MapKit.framework */; };
		F046F4461999258400B8CDE7 /* MapViewController.m in Sources */ = {isa = PBXBuildFile; fileRef = F046F4371967DFAB00B8CDE7 /* MapViewController.m */; };
		F046F4471999258400B8CDE7 /* MenuViewController.m in Sources */ = {isa = PBXBuildFile; fileRef = F0FC3D16194D0CA9006DD5B2 /* MenuViewController.m */; };
		F046F4481999258500B8CDE7 /* MyAppDelegate.m in Sources */ = {isa = PBXBuildFile; fileRef = F0E924C3193A318A00A72164 /* MyAppDelegate.m */; };
		F046F4491999258500B8CDE7 /* ColorViewController.m in Sources */ = {isa = PBXBuildFile; fileRef = F0FC3D19194D0D21006DD5B2 /* ColorViewController.m */; };
		F046F44A1999258500B8CDE7 /* MyViewController.m in Sources */ = {isa = PBXBuildFile; fileRef = F0E924C9193A318B00A72164 /* MyViewController.m */; };
		F046F44B1999258500B8CDE7 /* MainViewController.m in Sources */ = {isa = PBXBuildFile; fileRef = F046F4441967E83100B8CDE7 /* MainViewController.m */; };
		F046F44C199925A400B8CDE7 /* main.m in Sources */ = {isa = PBXBuildFile; fileRef = F0E924BF193A318A00A72164 /* main.m */; };
		F08986D31A559749006FB6AF /* MyDateUtil.m in Sources */ = {isa = PBXBuildFile; fileRef = F08986D21A559749006FB6AF /* MyDateUtil.m */; };
		F08986DF1A55A4DF006FB6AF /* MyDateUtilTests.m in Sources */ = {isa = PBXBuildFile; fileRef = F08986DE1A55A4DF006FB6AF /* MyDateUtilTests.m */; };
		F0B91A8A199BB5A30041D607 /* MyBaseUIViewController.m in Sources */ = {isa = PBXBuildFile; fileRef = F0B91A89199BB5A30041D607 /* MyBaseUIViewController.m */; };
		F0B91A8D199BBA0B0041D607 /* CustomAnimationController.m in Sources */ = {isa = PBXBuildFile; fileRef = F0B91A8C199BBA0B0041D607 /* CustomAnimationController.m */; };
		F0B91A91199BBA430041D607 /* reveal-icon.png in Resources */ = {isa = PBXBuildFile; fileRef = F0B91A8F199BBA430041D607 /* reveal-icon.png */; };
		F0B91A92199BBA430041D607 /* reveal-icon@2x.png in Resources */ = {isa = PBXBuildFile; fileRef = F0B91A90199BBA430041D607 /* reveal-icon@2x.png */; };
		F0B91A97199BBB110041D607 /* RightViewController.m in Sources */ = {isa = PBXBuildFile; fileRef = F0B91A95199BBB110041D607 /* RightViewController.m */; };
		F0B91A98199BBB110041D607 /* RightViewController.xib in Resources */ = {isa = PBXBuildFile; fileRef = F0B91A96199BBB110041D607 /* RightViewController.xib */; };
		F0E924B4193A318A00A72164 /* Foundation.framework in Frameworks */ = {isa = PBXBuildFile; fileRef = F0E924B3193A318A00A72164 /* Foundation.framework */; };
		F0E924B6193A318A00A72164 /* CoreGraphics.framework in Frameworks */ = {isa = PBXBuildFile; fileRef = F0E924B5193A318A00A72164 /* CoreGraphics.framework */; };
		F0E924B8193A318A00A72164 /* UIKit.framework in Frameworks */ = {isa = PBXBuildFile; fileRef = F0E924B7193A318A00A72164 /* UIKit.framework */; };
		F0E924BE193A318A00A72164 /* InfoPlist.strings in Resources */ = {isa = PBXBuildFile; fileRef = F0E924BC193A318A00A72164 /* InfoPlist.strings */; };
		F0E924CC193A318B00A72164 /* Images.xcassets in Resources */ = {isa = PBXBuildFile; fileRef = F0E924CB193A318B00A72164 /* Images.xcassets */; };
		F0E924D3193A318B00A72164 /* XCTest.framework in Frameworks */ = {isa = PBXBuildFile; fileRef = F0E924D2193A318B00A72164 /* XCTest.framework */; };
		F0E924D4193A318B00A72164 /* Foundation.framework in Frameworks */ = {isa = PBXBuildFile; fileRef = F0E924B3193A318A00A72164 /* Foundation.framework */; };
		F0E924D5193A318B00A72164 /* UIKit.framework in Frameworks */ = {isa = PBXBuildFile; fileRef = F0E924B7193A318A00A72164 /* UIKit.framework */; };
		F0E924DD193A318B00A72164 /* InfoPlist.strings in Resources */ = {isa = PBXBuildFile; fileRef = F0E924DB193A318B00A72164 /* InfoPlist.strings */; };
		F0E924DF193A318B00A72164 /* MyTodoListTests.m in Sources */ = {isa = PBXBuildFile; fileRef = F0E924DE193A318B00A72164 /* MyTodoListTests.m */; };
/* End PBXBuildFile section */

/* Begin PBXContainerItemProxy section */
		F0E924D6193A318B00A72164 /* PBXContainerItemProxy */ = {
			isa = PBXContainerItemProxy;
			containerPortal = F0E924A8193A318A00A72164 /* Project object */;
			proxyType = 1;
			remoteGlobalIDString = F0E924AF193A318A00A72164;
			remoteInfo = MyTodoList;
		};
/* End PBXContainerItemProxy section */

/* Begin PBXFileReference section */
		04DDE86CB75BBAF719129315 /* Pods.debug.xcconfig */ = {isa = PBXFileReference; includeInIndex = 1; lastKnownFileType = text.xcconfig; name = Pods.debug.xcconfig; path = "Pods/Target Support Files/Pods/Pods.debug.xcconfig"; sourceTree = "<group>"; };
		49814F721A147F33008F4EB7 /* SWRevealViewController.h */ = {isa = PBXFileReference; fileEncoding = 4; lastKnownFileType = sourcecode.c.h; path = SWRevealViewController.h; sourceTree = "<group>"; };
		49814F731A147F33008F4EB7 /* SWRevealViewController.m */ = {isa = PBXFileReference; fileEncoding = 4; lastKnownFileType = sourcecode.c.objc; path = SWRevealViewController.m; sourceTree = "<group>"; };
		6FD51AEC1A652A0900A17E82 /* Model.xcdatamodel */ = {isa = PBXFileReference; lastKnownFileType = wrapper.xcdatamodel; path = Model.xcdatamodel; sourceTree = "<group>"; };
		6FD51AEE1A652E5900A17E82 /* CoreData.framework */ = {isa = PBXFileReference; lastKnownFileType = wrapper.framework; name = CoreData.framework; path = System/Library/Frameworks/CoreData.framework; sourceTree = SDKROOT; };
		6FD51AF31A65321700A17E82 /* MyCoreDataManager.m */ = {isa = PBXFileReference; fileEncoding = 4; lastKnownFileType = sourcecode.c.objc; name = MyCoreDataManager.m; path = Model/CoreData/MyCoreDataManager.m; sourceTree = "<group>"; };
		6FD51AF51A65325100A17E82 /* MyCoreDataManager.h */ = {isa = PBXFileReference; fileEncoding = 4; lastKnownFileType = sourcecode.c.h; name = MyCoreDataManager.h; path = Model/CoreData/MyCoreDataManager.h; sourceTree = "<group>"; };
		6FD51AF61A66894900A17E82 /* Tag.h */ = {isa = PBXFileReference; fileEncoding = 4; lastKnownFileType = sourcecode.c.h; name = Tag.h; path = Model/CoreData/Tag.h; sourceTree = "<group>"; };
		6FD51AF71A66894900A17E82 /* Tag.m */ = {isa = PBXFileReference; fileEncoding = 4; lastKnownFileType = sourcecode.c.objc; name = Tag.m; path = Model/CoreData/Tag.m; sourceTree = "<group>"; };
		6FD51AF91A66894A00A17E82 /* Todo.h */ = {isa = PBXFileReference; fileEncoding = 4; lastKnownFileType = sourcecode.c.h; name = Todo.h; path = Model/CoreData/Todo.h; sourceTree = "<group>"; };
		6FD51AFA1A66894A00A17E82 /* Todo.m */ = {isa = PBXFileReference; fileEncoding = 4; lastKnownFileType = sourcecode.c.objc; name = Todo.m; path = Model/CoreData/Todo.m; sourceTree = "<group>"; };
		D1417FD999B08AA9C7FA09D9 /* Pods.release.xcconfig */ = {isa = PBXFileReference; includeInIndex = 1; lastKnownFileType = text.xcconfig; name = Pods.release.xcconfig; path = "Pods/Target Support Files/Pods/Pods.release.xcconfig"; sourceTree = "<group>"; };
		F00E28F91A1875EB00C1D94F /* DatePickerViewController.m */ = {isa = PBXFileReference; fileEncoding = 4; lastKnownFileType = sourcecode.c.objc; path = DatePickerViewController.m; sourceTree = "<group>"; };
		F00E28FB1A18761D00C1D94F /* DatePickerViewController.h */ = {isa = PBXFileReference; lastKnownFileType = sourcecode.c.h; path = DatePickerViewController.h; sourceTree = "<group>"; };
		F00E28FE1A1876F800C1D94F /* DetailViewController.m */ = {isa = PBXFileReference; fileEncoding = 4; lastKnownFileType = sourcecode.c.objc; path = DetailViewController.m; sourceTree = "<group>"; };
		F00E29011A187AF400C1D94F /* DetailViewController.h */ = {isa = PBXFileReference; lastKnownFileType = sourcecode.c.h; path = DetailViewController.h; sourceTree = "<group>"; };
		F046F4341967DD0200B8CDE7 /* MainStoryboard.storyboard */ = {isa = PBXFileReference; fileEncoding = 4; lastKnownFileType = file.storyboard; path = MainStoryboard.storyboard; sourceTree = "<group>"; };
		F046F4361967DFAB00B8CDE7 /* MapViewController.h */ = {isa = PBXFileReference; fileEncoding = 4; lastKnownFileType = sourcecode.c.h; path = MapViewController.h; sourceTree = "<group>"; };
		F046F4371967DFAB00B8CDE7 /* MapViewController.m */ = {isa = PBXFileReference; fileEncoding = 4; lastKnownFileType = sourcecode.c.objc; path = MapViewController.m; sourceTree = "<group>"; };
		F046F4391967E30800B8CDE7 /* MapKit.framework */ = {isa = PBXFileReference; lastKnownFileType = wrapper.framework; name = MapKit.framework; path = System/Library/Frameworks/MapKit.framework; sourceTree = SDKROOT; };
		F046F4431967E83100B8CDE7 /* MainViewController.h */ = {isa = PBXFileReference; fileEncoding = 4; lastKnownFileType = sourcecode.c.h; path = MainViewController.h; sourceTree = "<group>"; };
		F046F4441967E83100B8CDE7 /* MainViewController.m */ = {isa = PBXFileReference; fileEncoding = 4; lastKnownFileType = sourcecode.c.objc; path = MainViewController.m; sourceTree = "<group>"; };
		F08986D21A559749006FB6AF /* MyDateUtil.m */ = {isa = PBXFileReference; fileEncoding = 4; lastKnownFileType = sourcecode.c.objc; path = MyDateUtil.m; sourceTree = "<group>"; };
		F08986D51A55A096006FB6AF /* MyDateUtil.h */ = {isa = PBXFileReference; lastKnownFileType = sourcecode.c.h; path = MyDateUtil.h; sourceTree = "<group>"; };
		F08986DE1A55A4DF006FB6AF /* MyDateUtilTests.m */ = {isa = PBXFileReference; fileEncoding = 4; lastKnownFileType = sourcecode.c.objc; path = MyDateUtilTests.m; sourceTree = "<group>"; };
		F0B91A88199BB5A30041D607 /* MyBaseUIViewController.h */ = {isa = PBXFileReference; fileEncoding = 4; lastKnownFileType = sourcecode.c.h; path = MyBaseUIViewController.h; sourceTree = "<group>"; };
		F0B91A89199BB5A30041D607 /* MyBaseUIViewController.m */ = {isa = PBXFileReference; fileEncoding = 4; lastKnownFileType = sourcecode.c.objc; path = MyBaseUIViewController.m; sourceTree = "<group>"; };
		F0B91A8B199BBA0B0041D607 /* CustomAnimationController.h */ = {isa = PBXFileReference; fileEncoding = 4; lastKnownFileType = sourcecode.c.h; path = CustomAnimationController.h; sourceTree = "<group>"; };
		F0B91A8C199BBA0B0041D607 /* CustomAnimationController.m */ = {isa = PBXFileReference; fileEncoding = 4; lastKnownFileType = sourcecode.c.objc; path = CustomAnimationController.m; sourceTree = "<group>"; };
		F0B91A8F199BBA430041D607 /* reveal-icon.png */ = {isa = PBXFileReference; lastKnownFileType = image.png; path = "reveal-icon.png"; sourceTree = "<group>"; };
		F0B91A90199BBA430041D607 /* reveal-icon@2x.png */ = {isa = PBXFileReference; lastKnownFileType = image.png; path = "reveal-icon@2x.png"; sourceTree = "<group>"; };
		F0B91A94199BBB110041D607 /* RightViewController.h */ = {isa = PBXFileReference; fileEncoding = 4; lastKnownFileType = sourcecode.c.h; path = RightViewController.h; sourceTree = "<group>"; };
		F0B91A95199BBB110041D607 /* RightViewController.m */ = {isa = PBXFileReference; fileEncoding = 4; lastKnownFileType = sourcecode.c.objc; path = RightViewController.m; sourceTree = "<group>"; };
		F0B91A96199BBB110041D607 /* RightViewController.xib */ = {isa = PBXFileReference; fileEncoding = 4; lastKnownFileType = file.xib; path = RightViewController.xib; sourceTree = "<group>"; };
		F0E924B0193A318A00A72164 /* MyTodoList.app */ = {isa = PBXFileReference; explicitFileType = wrapper.application; includeInIndex = 0; path = MyTodoList.app; sourceTree = BUILT_PRODUCTS_DIR; };
		F0E924B3193A318A00A72164 /* Foundation.framework */ = {isa = PBXFileReference; lastKnownFileType = wrapper.framework; name = Foundation.framework; path = System/Library/Frameworks/Foundation.framework; sourceTree = SDKROOT; };
		F0E924B5193A318A00A72164 /* CoreGraphics.framework */ = {isa = PBXFileReference; lastKnownFileType = wrapper.framework; name = CoreGraphics.framework; path = System/Library/Frameworks/CoreGraphics.framework; sourceTree = SDKROOT; };
		F0E924B7193A318A00A72164 /* UIKit.framework */ = {isa = PBXFileReference; lastKnownFileType = wrapper.framework; name = UIKit.framework; path = System/Library/Frameworks/UIKit.framework; sourceTree = SDKROOT; };
		F0E924BB193A318A00A72164 /* MyTodoList-Info.plist */ = {isa = PBXFileReference; lastKnownFileType = text.plist.xml; path = "MyTodoList-Info.plist"; sourceTree = "<group>"; };
		F0E924BD193A318A00A72164 /* en */ = {isa = PBXFileReference; lastKnownFileType = text.plist.strings; name = en; path = en.lproj/InfoPlist.strings; sourceTree = "<group>"; };
		F0E924BF193A318A00A72164 /* main.m */ = {isa = PBXFileReference; lastKnownFileType = sourcecode.c.objc; path = main.m; sourceTree = "<group>"; };
		F0E924C1193A318A00A72164 /* MyTodoList-Prefix.pch */ = {isa = PBXFileReference; lastKnownFileType = sourcecode.c.h; path = "MyTodoList-Prefix.pch"; sourceTree = "<group>"; };
		F0E924C2193A318A00A72164 /* MyAppDelegate.h */ = {isa = PBXFileReference; lastKnownFileType = sourcecode.c.h; path = MyAppDelegate.h; sourceTree = "<group>"; };
		F0E924C3193A318A00A72164 /* MyAppDelegate.m */ = {isa = PBXFileReference; lastKnownFileType = sourcecode.c.objc; path = MyAppDelegate.m; sourceTree = "<group>"; };
		F0E924C8193A318A00A72164 /* MyViewController.h */ = {isa = PBXFileReference; lastKnownFileType = sourcecode.c.h; path = MyViewController.h; sourceTree = "<group>"; };
		F0E924C9193A318B00A72164 /* MyViewController.m */ = {isa = PBXFileReference; lastKnownFileType = sourcecode.c.objc; path = MyViewController.m; sourceTree = "<group>"; };
		F0E924CB193A318B00A72164 /* Images.xcassets */ = {isa = PBXFileReference; lastKnownFileType = folder.assetcatalog; path = Images.xcassets; sourceTree = "<group>"; };
		F0E924D1193A318B00A72164 /* MyTodoListTests.xctest */ = {isa = PBXFileReference; explicitFileType = wrapper.cfbundle; includeInIndex = 0; path = MyTodoListTests.xctest; sourceTree = BUILT_PRODUCTS_DIR; };
		F0E924D2193A318B00A72164 /* XCTest.framework */ = {isa = PBXFileReference; lastKnownFileType = wrapper.framework; name = XCTest.framework; path = Library/Frameworks/XCTest.framework; sourceTree = DEVELOPER_DIR; };
		F0E924DA193A318B00A72164 /* MyTodoListTests-Info.plist */ = {isa = PBXFileReference; lastKnownFileType = text.plist.xml; path = "MyTodoListTests-Info.plist"; sourceTree = "<group>"; };
		F0E924DC193A318B00A72164 /* en */ = {isa = PBXFileReference; lastKnownFileType = text.plist.strings; name = en; path = en.lproj/InfoPlist.strings; sourceTree = "<group>"; };
		F0E924DE193A318B00A72164 /* MyTodoListTests.m */ = {isa = PBXFileReference; lastKnownFileType = sourcecode.c.objc; path = MyTodoListTests.m; sourceTree = "<group>"; };
		F0FC3D15194D0CA9006DD5B2 /* MenuViewController.h */ = {isa = PBXFileReference; fileEncoding = 4; lastKnownFileType = sourcecode.c.h; path = MenuViewController.h; sourceTree = "<group>"; };
		F0FC3D16194D0CA9006DD5B2 /* MenuViewController.m */ = {isa = PBXFileReference; fileEncoding = 4; lastKnownFileType = sourcecode.c.objc; path = MenuViewController.m; sourceTree = "<group>"; };
		F0FC3D18194D0D21006DD5B2 /* ColorViewController.h */ = {isa = PBXFileReference; fileEncoding = 4; lastKnownFileType = sourcecode.c.h; path = ColorViewController.h; sourceTree = "<group>"; };
		F0FC3D19194D0D21006DD5B2 /* ColorViewController.m */ = {isa = PBXFileReference; fileEncoding = 4; lastKnownFileType = sourcecode.c.objc; path = ColorViewController.m; sourceTree = "<group>"; };
		FE374C48E78E4956BC26C902 /* libPods.a */ = {isa = PBXFileReference; explicitFileType = archive.ar; includeInIndex = 0; path = libPods.a; sourceTree = BUILT_PRODUCTS_DIR; };
/* End PBXFileReference section */

/* Begin PBXFrameworksBuildPhase section */
		F0E924AD193A318A00A72164 /* Frameworks */ = {
			isa = PBXFrameworksBuildPhase;
			buildActionMask = 2147483647;
			files = (
				6FD51AEF1A652E5900A17E82 /* CoreData.framework in Frameworks */,
				49814F6E1A1237F3008F4EB7 /* libPods.a in Frameworks */,
				F0E924B6193A318A00A72164 /* CoreGraphics.framework in Frameworks */,
				F0E924B8193A318A00A72164 /* UIKit.framework in Frameworks */,
				F046F43A1967E30800B8CDE7 /* MapKit.framework in Frameworks */,
				F0E924B4193A318A00A72164 /* Foundation.framework in Frameworks */,
			);
			runOnlyForDeploymentPostprocessing = 0;
		};
		F0E924CE193A318B00A72164 /* Frameworks */ = {
			isa = PBXFrameworksBuildPhase;
			buildActionMask = 2147483647;
			files = (
				F0E924D3193A318B00A72164 /* XCTest.framework in Frameworks */,
				4902F7E01A11E5C700031EB0 /* libPods.a in Frameworks */,
				F0E924D5193A318B00A72164 /* UIKit.framework in Frameworks */,
				F0E924D4193A318B00A72164 /* Foundation.framework in Frameworks */,
			);
			runOnlyForDeploymentPostprocessing = 0;
		};
/* End PBXFrameworksBuildPhase section */

/* Begin PBXGroup section */
		49814F701A147F18008F4EB7 /* Library */ = {
			isa = PBXGroup;
			children = (
				49814F711A147F33008F4EB7 /* SWRevealViewController */,
			);
			name = Library;
			sourceTree = "<group>";
		};
		49814F711A147F33008F4EB7 /* SWRevealViewController */ = {
			isa = PBXGroup;
			children = (
				49814F721A147F33008F4EB7 /* SWRevealViewController.h */,
				49814F731A147F33008F4EB7 /* SWRevealViewController.m */,
			);
			path = SWRevealViewController;
			sourceTree = "<group>";
		};
		6FD51AEA1A65274F00A17E82 /* CoreData */ = {
			isa = PBXGroup;
			children = (
				6FD51AEB1A652A0900A17E82 /* Model.xcdatamodeld */,
				6FD51AF91A66894A00A17E82 /* Todo.h */,
				6FD51AFA1A66894A00A17E82 /* Todo.m */,
				6FD51AF61A66894900A17E82 /* Tag.h */,
				6FD51AF71A66894900A17E82 /* Tag.m */,
				6FD51AF51A65325100A17E82 /* MyCoreDataManager.h */,
				6FD51AF31A65321700A17E82 /* MyCoreDataManager.m */,
			);
			name = CoreData;
			sourceTree = "<group>";
		};
		83A6B04704EDAC31249F6D0A /* Pods */ = {
			isa = PBXGroup;
			children = (
				04DDE86CB75BBAF719129315 /* Pods.debug.xcconfig */,
				D1417FD999B08AA9C7FA09D9 /* Pods.release.xcconfig */,
			);
			name = Pods;
			sourceTree = "<group>";
		};
		F00E28FC1A1876B400C1D94F /* ViewController */ = {
			isa = PBXGroup;
			children = (
				F06111FA1A56E0E000090194 /* Common */,
				F00E28FD1A1876D600C1D94F /* ToDo */,
				F0B91A88199BB5A30041D607 /* MyBaseUIViewController.h */,
				F0B91A89199BB5A30041D607 /* MyBaseUIViewController.m */,
				F0FC3D18194D0D21006DD5B2 /* ColorViewController.h */,
				F0FC3D19194D0D21006DD5B2 /* ColorViewController.m */,
				F0E924C8193A318A00A72164 /* MyViewController.h */,
				F0E924C9193A318B00A72164 /* MyViewController.m */,
				F046F4431967E83100B8CDE7 /* MainViewController.h */,
				F046F4441967E83100B8CDE7 /* MainViewController.m */,
				F046F4361967DFAB00B8CDE7 /* MapViewController.h */,
				F046F4371967DFAB00B8CDE7 /* MapViewController.m */,
				F0FC3D15194D0CA9006DD5B2 /* MenuViewController.h */,
				F0FC3D16194D0CA9006DD5B2 /* MenuViewController.m */,
			);
			name = ViewController;
			sourceTree = "<group>";
		};
		F00E28FD1A1876D600C1D94F /* ToDo */ = {
			isa = PBXGroup;
			children = (
				F00E29011A187AF400C1D94F /* DetailViewController.h */,
				F00E28FE1A1876F800C1D94F /* DetailViewController.m */,
			);
			name = ToDo;
			sourceTree = "<group>";
		};
		F06111FA1A56E0E000090194 /* Common */ = {
			isa = PBXGroup;
			children = (
				F00E28FB1A18761D00C1D94F /* DatePickerViewController.h */,
				F00E28F91A1875EB00C1D94F /* DatePickerViewController.m */,
			);
			name = Common;
			sourceTree = "<group>";
		};
		F08986D11A559720006FB6AF /* Util */ = {
			isa = PBXGroup;
			children = (
				F08986D51A55A096006FB6AF /* MyDateUtil.h */,
				F08986D21A559749006FB6AF /* MyDateUtil.m */,
			);
			name = Util;
			sourceTree = "<group>";
		};
		F0B91A84199B98150041D607 /* Model */ = {
			isa = PBXGroup;
			children = (
				6FD51AEA1A65274F00A17E82 /* CoreData */,
			);
			name = Model;
			sourceTree = "<group>";
		};
		F0B91A8E199BBA130041D607 /* Animation Controllers */ = {
			isa = PBXGroup;
			children = (
				F0B91A8B199BBA0B0041D607 /* CustomAnimationController.h */,
				F0B91A8C199BBA0B0041D607 /* CustomAnimationController.m */,
			);
			name = "Animation Controllers";
			sourceTree = "<group>";
		};
		F0B91A93199BBA4A0041D607 /* Resources */ = {
			isa = PBXGroup;
			children = (
				F0B91A8F199BBA430041D607 /* reveal-icon.png */,
				F0B91A90199BBA430041D607 /* reveal-icon@2x.png */,
			);
			name = Resources;
			sourceTree = "<group>";
		};
		F0B91A99199BBB160041D607 /* RightViewController */ = {
			isa = PBXGroup;
			children = (
				F0B91A94199BBB110041D607 /* RightViewController.h */,
				F0B91A95199BBB110041D607 /* RightViewController.m */,
				F0B91A96199BBB110041D607 /* RightViewController.xib */,
			);
			name = RightViewController;
			sourceTree = "<group>";
		};
		F0E924A7193A318A00A72164 = {
			isa = PBXGroup;
			children = (
				F0E924B9193A318A00A72164 /* MyTodoList */,
				F0E924D8193A318B00A72164 /* MyTodoListTests */,
				F0E924B2193A318A00A72164 /* Frameworks */,
				F0E924B1193A318A00A72164 /* Products */,
				83A6B04704EDAC31249F6D0A /* Pods */,
			);
			sourceTree = "<group>";
		};
		F0E924B1193A318A00A72164 /* Products */ = {
			isa = PBXGroup;
			children = (
				F0E924B0193A318A00A72164 /* MyTodoList.app */,
				F0E924D1193A318B00A72164 /* MyTodoListTests.xctest */,
			);
			name = Products;
			sourceTree = "<group>";
		};
		F0E924B2193A318A00A72164 /* Frameworks */ = {
			isa = PBXGroup;
			children = (
				6FD51AEE1A652E5900A17E82 /* CoreData.framework */,
				F046F4391967E30800B8CDE7 /* MapKit.framework */,
				F0E924B3193A318A00A72164 /* Foundation.framework */,
				F0E924B5193A318A00A72164 /* CoreGraphics.framework */,
				F0E924B7193A318A00A72164 /* UIKit.framework */,
				F0E924D2193A318B00A72164 /* XCTest.framework */,
				FE374C48E78E4956BC26C902 /* libPods.a */,
			);
			name = Frameworks;
			sourceTree = "<group>";
		};
		F0E924B9193A318A00A72164 /* MyTodoList */ = {
			isa = PBXGroup;
			children = (
				F08986D11A559720006FB6AF /* Util */,
				F00E28FC1A1876B400C1D94F /* ViewController */,
				49814F701A147F18008F4EB7 /* Library */,
				F0B91A84199B98150041D607 /* Model */,
				F0B91A8E199BBA130041D607 /* Animation Controllers */,
				F0B91A93199BBA4A0041D607 /* Resources */,
				F046F4341967DD0200B8CDE7 /* MainStoryboard.storyboard */,
				F0E924C2193A318A00A72164 /* MyAppDelegate.h */,
				F0E924C3193A318A00A72164 /* MyAppDelegate.m */,
				F0B91A99199BBB160041D607 /* RightViewController */,
				F0E924CB193A318B00A72164 /* Images.xcassets */,
				F0E924BA193A318A00A72164 /* Supporting Files */,
			);
			path = MyTodoList;
			sourceTree = "<group>";
		};
		F0E924BA193A318A00A72164 /* Supporting Files */ = {
			isa = PBXGroup;
			children = (
				F0E924BB193A318A00A72164 /* MyTodoList-Info.plist */,
				F0E924BC193A318A00A72164 /* InfoPlist.strings */,
				F0E924BF193A318A00A72164 /* main.m */,
				F0E924C1193A318A00A72164 /* MyTodoList-Prefix.pch */,
			);
			name = "Supporting Files";
			sourceTree = "<group>";
		};
		F0E924D8193A318B00A72164 /* MyTodoListTests */ = {
			isa = PBXGroup;
			children = (
				F0E924DE193A318B00A72164 /* MyTodoListTests.m */,
				F0E924D9193A318B00A72164 /* Supporting Files */,
				F08986DE1A55A4DF006FB6AF /* MyDateUtilTests.m */,
			);
			path = MyTodoListTests;
			sourceTree = "<group>";
		};
		F0E924D9193A318B00A72164 /* Supporting Files */ = {
			isa = PBXGroup;
			children = (
				F0E924DA193A318B00A72164 /* MyTodoListTests-Info.plist */,
				F0E924DB193A318B00A72164 /* InfoPlist.strings */,
			);
			name = "Supporting Files";
			sourceTree = "<group>";
		};
/* End PBXGroup section */

/* Begin PBXNativeTarget section */
		F0E924AF193A318A00A72164 /* MyTodoList */ = {
			isa = PBXNativeTarget;
			buildConfigurationList = F0E924E2193A318B00A72164 /* Build configuration list for PBXNativeTarget "MyTodoList" */;
			buildPhases = (
				57EC90CC729D439882B4C0C4 /* Check Pods Manifest.lock */,
				F0E924AC193A318A00A72164 /* Sources */,
				F0E924AD193A318A00A72164 /* Frameworks */,
				F0E924AE193A318A00A72164 /* Resources */,
				48703F5872194858A5F702A6 /* Copy Pods Resources */,
			);
			buildRules = (
			);
			dependencies = (
			);
			name = MyTodoList;
			productName = MyTodoList;
			productReference = F0E924B0193A318A00A72164 /* MyTodoList.app */;
			productType = "com.apple.product-type.application";
		};
		F0E924D0193A318B00A72164 /* MyTodoListTests */ = {
			isa = PBXNativeTarget;
			buildConfigurationList = F0E924E5193A318B00A72164 /* Build configuration list for PBXNativeTarget "MyTodoListTests" */;
			buildPhases = (
				F0E924CD193A318B00A72164 /* Sources */,
				F0E924CE193A318B00A72164 /* Frameworks */,
				F0E924CF193A318B00A72164 /* Resources */,
			);
			buildRules = (
			);
			dependencies = (
				F0E924D7193A318B00A72164 /* PBXTargetDependency */,
			);
			name = MyTodoListTests;
			productName = MyTodoListTests;
			productReference = F0E924D1193A318B00A72164 /* MyTodoListTests.xctest */;
			productType = "com.apple.product-type.bundle.unit-test";
		};
/* End PBXNativeTarget section */

/* Begin PBXProject section */
		F0E924A8193A318A00A72164 /* Project object */ = {
			isa = PBXProject;
			attributes = {
				CLASSPREFIX = My;
				LastUpgradeCheck = 0510;
				ORGANIZATIONNAME = com.datsnet;
				TargetAttributes = {
					F0E924AF193A318A00A72164 = {
						SystemCapabilities = {
							com.apple.iOS = {
								enabled = 1;
							};
						};
					};
					F0E924D0193A318B00A72164 = {
						TestTargetID = F0E924AF193A318A00A72164;
					};
				};
			};
			buildConfigurationList = F0E924AB193A318A00A72164 /* Build configuration list for PBXProject "MyTodoList" */;
			compatibilityVersion = "Xcode 3.2";
			developmentRegion = English;
			hasScannedForEncodings = 0;
			knownRegions = (
				en,
				Base,
			);
			mainGroup = F0E924A7193A318A00A72164;
			productRefGroup = F0E924B1193A318A00A72164 /* Products */;
			projectDirPath = "";
			projectRoot = "";
			targets = (
				F0E924AF193A318A00A72164 /* MyTodoList */,
				F0E924D0193A318B00A72164 /* MyTodoListTests */,
			);
		};
/* End PBXProject section */

/* Begin PBXResourcesBuildPhase section */
		F0E924AE193A318A00A72164 /* Resources */ = {
			isa = PBXResourcesBuildPhase;
			buildActionMask = 2147483647;
			files = (
				F0E924CC193A318B00A72164 /* Images.xcassets in Resources */,
				F0B91A92199BBA430041D607 /* reveal-icon@2x.png in Resources */,
				F0E924BE193A318A00A72164 /* InfoPlist.strings in Resources */,
				F0B91A98199BBB110041D607 /* RightViewController.xib in Resources */,
				F046F4351967DD0200B8CDE7 /* MainStoryboard.storyboard in Resources */,
				F0B91A91199BBA430041D607 /* reveal-icon.png in Resources */,
			);
			runOnlyForDeploymentPostprocessing = 0;
		};
		F0E924CF193A318B00A72164 /* Resources */ = {
			isa = PBXResourcesBuildPhase;
			buildActionMask = 2147483647;
			files = (
				F0E924DD193A318B00A72164 /* InfoPlist.strings in Resources */,
			);
			runOnlyForDeploymentPostprocessing = 0;
		};
/* End PBXResourcesBuildPhase section */

/* Begin PBXShellScriptBuildPhase section */
		48703F5872194858A5F702A6 /* Copy Pods Resources */ = {
			isa = PBXShellScriptBuildPhase;
			buildActionMask = 2147483647;
			files = (
			);
			inputPaths = (
			);
			name = "Copy Pods Resources";
			outputPaths = (
			);
			runOnlyForDeploymentPostprocessing = 0;
			shellPath = /bin/sh;
			shellScript = "\"${SRCROOT}/Pods/Target Support Files/Pods/Pods-resources.sh\"\n";
			showEnvVarsInLog = 0;
		};
		57EC90CC729D439882B4C0C4 /* Check Pods Manifest.lock */ = {
			isa = PBXShellScriptBuildPhase;
			buildActionMask = 2147483647;
			files = (
			);
			inputPaths = (
			);
			name = "Check Pods Manifest.lock";
			outputPaths = (
			);
			runOnlyForDeploymentPostprocessing = 0;
			shellPath = /bin/sh;
			shellScript = "diff \"${PODS_ROOT}/../Podfile.lock\" \"${PODS_ROOT}/Manifest.lock\" > /dev/null\nif [[ $? != 0 ]] ; then\n    cat << EOM\nerror: The sandbox is not in sync with the Podfile.lock. Run 'pod install' or update your CocoaPods installation.\nEOM\n    exit 1\nfi\n";
			showEnvVarsInLog = 0;
		};
/* End PBXShellScriptBuildPhase section */

/* Begin PBXSourcesBuildPhase section */
		F0E924AC193A318A00A72164 /* Sources */ = {
			isa = PBXSourcesBuildPhase;
			buildActionMask = 2147483647;
			files = (
				6FD51AF81A66894900A17E82 /* Tag.m in Sources */,
				6FD51AFB1A66894A00A17E82 /* Todo.m in Sources */,
				F046F44C199925A400B8CDE7 /* main.m in Sources */,
				F08986D31A559749006FB6AF /* MyDateUtil.m in Sources */,
				F046F4461999258400B8CDE7 /* MapViewController.m in Sources */,
				F0B91A8A199BB5A30041D607 /* MyBaseUIViewController.m in Sources */,
				F0B91A97199BBB110041D607 /* RightViewController.m in Sources */,
				F046F4471999258400B8CDE7 /* MenuViewController.m in Sources */,
				F046F4481999258500B8CDE7 /* MyAppDelegate.m in Sources */,
				6FD51AF41A65321700A17E82 /* MyCoreDataManager.m in Sources */,
				F046F4491999258500B8CDE7 /* ColorViewController.m in Sources */,
				F046F44A1999258500B8CDE7 /* MyViewController.m in Sources */,
				F046F44B1999258500B8CDE7 /* MainViewController.m in Sources */,
				6FD51AED1A652A0900A17E82 /* Model.xcdatamodeld in Sources */,
				F00E28FA1A1875EB00C1D94F /* DatePickerViewController.m in Sources */,
				F0B91A8D199BBA0B0041D607 /* CustomAnimationController.m in Sources */,
				49814F741A147F33008F4EB7 /* SWRevealViewController.m in Sources */,
				F00E28FF1A1876F800C1D94F /* DetailViewController.m in Sources */,
			);
			runOnlyForDeploymentPostprocessing = 0;
		};
		F0E924CD193A318B00A72164 /* Sources */ = {
			isa = PBXSourcesBuildPhase;
			buildActionMask = 2147483647;
			files = (
				F0E924DF193A318B00A72164 /* MyTodoListTests.m in Sources */,
				F08986DF1A55A4DF006FB6AF /* MyDateUtilTests.m in Sources */,
			);
			runOnlyForDeploymentPostprocessing = 0;
		};
/* End PBXSourcesBuildPhase section */

/* Begin PBXTargetDependency section */
		F0E924D7193A318B00A72164 /* PBXTargetDependency */ = {
			isa = PBXTargetDependency;
			target = F0E924AF193A318A00A72164 /* MyTodoList */;
			targetProxy = F0E924D6193A318B00A72164 /* PBXContainerItemProxy */;
		};
/* End PBXTargetDependency section */

/* Begin PBXVariantGroup section */
		F0E924BC193A318A00A72164 /* InfoPlist.strings */ = {
			isa = PBXVariantGroup;
			children = (
				F0E924BD193A318A00A72164 /* en */,
			);
			name = InfoPlist.strings;
			sourceTree = "<group>";
		};
		F0E924DB193A318B00A72164 /* InfoPlist.strings */ = {
			isa = PBXVariantGroup;
			children = (
				F0E924DC193A318B00A72164 /* en */,
			);
			name = InfoPlist.strings;
			sourceTree = "<group>";
		};
/* End PBXVariantGroup section */

/* Begin XCBuildConfiguration section */
		F0E924E0193A318B00A72164 /* Debug */ = {
			isa = XCBuildConfiguration;
			buildSettings = {
				ALWAYS_SEARCH_USER_PATHS = NO;
				CLANG_CXX_LANGUAGE_STANDARD = "gnu++0x";
				CLANG_CXX_LIBRARY = "libc++";
				CLANG_ENABLE_MODULES = YES;
				CLANG_ENABLE_OBJC_ARC = YES;
				CLANG_WARN_BOOL_CONVERSION = YES;
				CLANG_WARN_CONSTANT_CONVERSION = YES;
				CLANG_WARN_DIRECT_OBJC_ISA_USAGE = YES_ERROR;
				CLANG_WARN_EMPTY_BODY = YES;
				CLANG_WARN_ENUM_CONVERSION = YES;
				CLANG_WARN_INT_CONVERSION = YES;
				CLANG_WARN_OBJC_ROOT_CLASS = YES_ERROR;
				CLANG_WARN__DUPLICATE_METHOD_MATCH = YES;
				"CODE_SIGN_IDENTITY[sdk=iphoneos*]" = "iPhone Developer";
				COPY_PHASE_STRIP = NO;
				GCC_C_LANGUAGE_STANDARD = gnu99;
				GCC_DYNAMIC_NO_PIC = NO;
				GCC_OPTIMIZATION_LEVEL = 0;
				GCC_PREPROCESSOR_DEFINITIONS = (
					"DEBUG=1",
					"$(inherited)",
				);
				GCC_SYMBOLS_PRIVATE_EXTERN = NO;
				GCC_WARN_64_TO_32_BIT_CONVERSION = YES;
				GCC_WARN_ABOUT_RETURN_TYPE = YES_ERROR;
				GCC_WARN_UNDECLARED_SELECTOR = YES;
				GCC_WARN_UNINITIALIZED_AUTOS = YES_AGGRESSIVE;
				GCC_WARN_UNUSED_FUNCTION = YES;
				GCC_WARN_UNUSED_VARIABLE = YES;
				IPHONEOS_DEPLOYMENT_TARGET = 7.1;
				ONLY_ACTIVE_ARCH = YES;
				SDKROOT = iphoneos;
			};
			name = Debug;
		};
		F0E924E1193A318B00A72164 /* Release */ = {
			isa = XCBuildConfiguration;
			buildSettings = {
				ALWAYS_SEARCH_USER_PATHS = NO;
				CLANG_CXX_LANGUAGE_STANDARD = "gnu++0x";
				CLANG_CXX_LIBRARY = "libc++";
				CLANG_ENABLE_MODULES = YES;
				CLANG_ENABLE_OBJC_ARC = YES;
				CLANG_WARN_BOOL_CONVERSION = YES;
				CLANG_WARN_CONSTANT_CONVERSION = YES;
				CLANG_WARN_DIRECT_OBJC_ISA_USAGE = YES_ERROR;
				CLANG_WARN_EMPTY_BODY = YES;
				CLANG_WARN_ENUM_CONVERSION = YES;
				CLANG_WARN_INT_CONVERSION = YES;
				CLANG_WARN_OBJC_ROOT_CLASS = YES_ERROR;
				CLANG_WARN__DUPLICATE_METHOD_MATCH = YES;
				"CODE_SIGN_IDENTITY[sdk=iphoneos*]" = "iPhone Developer";
				COPY_PHASE_STRIP = YES;
				ENABLE_NS_ASSERTIONS = NO;
				GCC_C_LANGUAGE_STANDARD = gnu99;
				GCC_WARN_64_TO_32_BIT_CONVERSION = YES;
				GCC_WARN_ABOUT_RETURN_TYPE = YES_ERROR;
				GCC_WARN_UNDECLARED_SELECTOR = YES;
				GCC_WARN_UNINITIALIZED_AUTOS = YES_AGGRESSIVE;
				GCC_WARN_UNUSED_FUNCTION = YES;
				GCC_WARN_UNUSED_VARIABLE = YES;
				IPHONEOS_DEPLOYMENT_TARGET = 7.1;
				SDKROOT = iphoneos;
				VALIDATE_PRODUCT = YES;
			};
			name = Release;
		};
		F0E924E3193A318B00A72164 /* Debug */ = {
			isa = XCBuildConfiguration;
			baseConfigurationReference = 04DDE86CB75BBAF719129315 /* Pods.debug.xcconfig */;
			buildSettings = {
				ASSETCATALOG_COMPILER_APPICON_NAME = AppIcon;
				ASSETCATALOG_COMPILER_LAUNCHIMAGE_NAME = LaunchImage;
				GCC_PRECOMPILE_PREFIX_HEADER = YES;
				GCC_PREFIX_HEADER = "MyTodoList/MyTodoList-Prefix.pch";
				INFOPLIST_FILE = "MyTodoList/MyTodoList-Info.plist";
				IPHONEOS_DEPLOYMENT_TARGET = 7.0;
				PRODUCT_NAME = "$(TARGET_NAME)";
				TARGETED_DEVICE_FAMILY = 1;
				WRAPPER_EXTENSION = app;
			};
			name = Debug;
		};
		F0E924E4193A318B00A72164 /* Release */ = {
			isa = XCBuildConfiguration;
			baseConfigurationReference = D1417FD999B08AA9C7FA09D9 /* Pods.release.xcconfig */;
			buildSettings = {
				ASSETCATALOG_COMPILER_APPICON_NAME = AppIcon;
				ASSETCATALOG_COMPILER_LAUNCHIMAGE_NAME = LaunchImage;
				GCC_PRECOMPILE_PREFIX_HEADER = YES;
				GCC_PREFIX_HEADER = "MyTodoList/MyTodoList-Prefix.pch";
				INFOPLIST_FILE = "MyTodoList/MyTodoList-Info.plist";
				IPHONEOS_DEPLOYMENT_TARGET = 7.0;
				PRODUCT_NAME = "$(TARGET_NAME)";
				TARGETED_DEVICE_FAMILY = 1;
				WRAPPER_EXTENSION = app;
			};
			name = Release;
		};
		F0E924E6193A318B00A72164 /* Debug */ = {
			isa = XCBuildConfiguration;
			buildSettings = {
				BUNDLE_LOADER = "$(BUILT_PRODUCTS_DIR)/MyTodoList.app/MyTodoList";
				FRAMEWORK_SEARCH_PATHS = (
					"$(SDKROOT)/Developer/Library/Frameworks",
					"$(inherited)",
					"$(DEVELOPER_FRAMEWORKS_DIR)",
				);
				GCC_PRECOMPILE_PREFIX_HEADER = YES;
				GCC_PREFIX_HEADER = "MyTodoList/MyTodoList-Prefix.pch";
				GCC_PREPROCESSOR_DEFINITIONS = (
					"DEBUG=1",
					"$(inherited)",
				);
				GCC_VERSION = "";
				HEADER_SEARCH_PATHS = (
					"<Multiple",
					"values>",
					"${PODS_HEADERS_SEARCH_PATHS}",
				);
				INFOPLIST_FILE = "MyTodoListTests/MyTodoListTests-Info.plist";
				PRODUCT_NAME = "$(TARGET_NAME)";
				TEST_HOST = "$(BUNDLE_LOADER)";
				WRAPPER_EXTENSION = xctest;
			};
			name = Debug;
		};
		F0E924E7193A318B00A72164 /* Release */ = {
			isa = XCBuildConfiguration;
			buildSettings = {
				BUNDLE_LOADER = "$(BUILT_PRODUCTS_DIR)/MyTodoList.app/MyTodoList";
				FRAMEWORK_SEARCH_PATHS = (
					"$(SDKROOT)/Developer/Library/Frameworks",
					"$(inherited)",
					"$(DEVELOPER_FRAMEWORKS_DIR)",
				);
				GCC_PRECOMPILE_PREFIX_HEADER = YES;
				GCC_PREFIX_HEADER = "MyTodoList/MyTodoList-Prefix.pch";
				GCC_VERSION = "";
				HEADER_SEARCH_PATHS = (
					"<Multiple",
					"values>",
					"${PODS_HEADERS_SEARCH_PATHS}",
				);
				INFOPLIST_FILE = "MyTodoListTests/MyTodoListTests-Info.plist";
				PRODUCT_NAME = "$(TARGET_NAME)";
				TEST_HOST = "$(BUNDLE_LOADER)";
				WRAPPER_EXTENSION = xctest;
			};
			name = Release;
		};
/* End XCBuildConfiguration section */

/* Begin XCConfigurationList section */
		F0E924AB193A318A00A72164 /* Build configuration list for PBXProject "MyTodoList" */ = {
			isa = XCConfigurationList;
			buildConfigurations = (
				F0E924E0193A318B00A72164 /* Debug */,
				F0E924E1193A318B00A72164 /* Release */,
			);
			defaultConfigurationIsVisible = 0;
			defaultConfigurationName = Release;
		};
		F0E924E2193A318B00A72164 /* Build configuration list for PBXNativeTarget "MyTodoList" */ = {
			isa = XCConfigurationList;
			buildConfigurations = (
				F0E924E3193A318B00A72164 /* Debug */,
				F0E924E4193A318B00A72164 /* Release */,
			);
			defaultConfigurationIsVisible = 0;
			defaultConfigurationName = Release;
		};
		F0E924E5193A318B00A72164 /* Build configuration list for PBXNativeTarget "MyTodoListTests" */ = {
			isa = XCConfigurationList;
			buildConfigurations = (
				F0E924E6193A318B00A72164 /* Debug */,
				F0E924E7193A318B00A72164 /* Release */,
			);
			defaultConfigurationIsVisible = 0;
			defaultConfigurationName = Release;
		};
/* End XCConfigurationList section */

/* Begin XCVersionGroup section */
		6FD51AEB1A652A0900A17E82 /* Model.xcdatamodeld */ = {
			isa = XCVersionGroup;
			children = (
				6FD51AEC1A652A0900A17E82 /* Model.xcdatamodel */,
			);
			currentVersion = 6FD51AEC1A652A0900A17E82 /* Model.xcdatamodel */;
			path = Model.xcdatamodeld;
			sourceTree = "<group>";
			versionGroupType = wrapper.xcdatamodel;
		};
/* End XCVersionGroup section */
	};
	rootObject = F0E924A8193A318A00A72164 /* Project object */;
}
